
Microsoft Visual Studio Solution File, Format Version 12.00
# Visual Studio Version 17
VisualStudioVersion = 17.0.31903.59
MinimumVisualStudioVersion = 10.0.40219.1
Project("{2150E333-8FDC-42A3-9474-1A3956D46DE8}") = "backend", "backend", "{61C946DF-6AD1-449D-AFF1-BFE45AF412B3}"
EndProject
Project("{FAE04EC0-301F-11D3-BF4B-00C04F79EFBC}") = "MarketSignalAI.Api", "backend\MarketSignalAI.Api\MarketSignalAI.Api.csproj", "{5E81ECCB-1CA0-4C50-BF73-A343A0AF3302}"
EndProject
Project("{FAE04EC0-301F-11D3-BF4B-00C04F79EFBC}") = "MarketSignalAI.Application", "backend\MarketSignalAI.Application\MarketSignalAI.Application.csproj", "{D05081B6-3D15-4196-8146-566782CACCD4}"
EndProject
Project("{FAE04EC0-301F-11D3-BF4B-00C04F79EFBC}") = "MarketSignalAI.Domain", "backend\MarketSignalAI.Domain\MarketSignalAI.Domain.csproj", "{24235D1C-FFE6-4A93-A056-FEA29917969C}"
EndProject
Project("{FAE04EC0-301F-11D3-BF4B-00C04F79EFBC}") = "MarketSignalAI.Infrastructure", "backend\MarketSignalAI.Infrastructure\MarketSignalAI.Infrastructure.csproj", "{9C0EC23D-0F18-44A9-8E2C-0FA5CE288F49}"
EndProject
Project("{2150E333-8FDC-42A3-9474-1A3956D46DE8}") = "tests", "tests", "{A19CBD01-A954-41CF-B931-AE501C02B8F1}"
EndProject
Project("{FAE04EC0-301F-11D3-BF4B-00C04F79EFBC}") = "MarketSignalAI.Tests", "tests\MarketSignalAI.Tests\MarketSignalAI.Tests.csproj", "{05D82F8D-A22B-4EE3-A346-7FC494F76760}"
EndProject
Global
	GlobalSection(SolutionConfigurationPlatforms) = preSolution
		Debug|Any CPU = Debug|Any CPU
		Release|Any CPU = Release|Any CPU
	EndGlobalSection
	GlobalSection(SolutionProperties) = preSolution
		HideSolutionNode = FALSE
	EndGlobalSection
	GlobalSection(ProjectConfigurationPlatforms) = postSolution
		{5E81ECCB-1CA0-4C50-BF73-A343A0AF3302}.Debug|Any CPU.ActiveCfg = Debug|Any CPU
		{5E81ECCB-1CA0-4C50-BF73-A343A0AF3302}.Debug|Any CPU.Build.0 = Debug|Any CPU
		{5E81ECCB-1CA0-4C50-BF73-A343A0AF3302}.Release|Any CPU.ActiveCfg = Release|Any CPU
		{5E81ECCB-1CA0-4C50-BF73-A343A0AF3302}.Release|Any CPU.Build.0 = Release|Any CPU
		{D05081B6-3D15-4196-8146-566782CACCD4}.Debug|Any CPU.ActiveCfg = Debug|Any CPU
		{D05081B6-3D15-4196-8146-566782CACCD4}.Debug|Any CPU.Build.0 = Debug|Any CPU
		{D05081B6-3D15-4196-8146-566782CACCD4}.Release|Any CPU.ActiveCfg = Release|Any CPU
		{D05081B6-3D15-4196-8146-566782CACCD4}.Release|Any CPU.Build.0 = Release|Any CPU
		{24235D1C-FFE6-4A93-A056-FEA29917969C}.Debug|Any CPU.ActiveCfg = Debug|Any CPU
		{24235D1C-FFE6-4A93-A056-FEA29917969C}.Debug|Any CPU.Build.0 = Debug|Any CPU
		{24235D1C-FFE6-4A93-A056-FEA29917969C}.Release|Any CPU.ActiveCfg = Release|Any CPU
		{24235D1C-FFE6-4A93-A056-FEA29917969C}.Release|Any CPU.Build.0 = Release|Any CPU
		{9C0EC23D-0F18-44A9-8E2C-0FA5CE288F49}.Debug|Any CPU.ActiveCfg = Debug|Any CPU
		{9C0EC23D-0F18-44A9-8E2C-0FA5CE288F49}.Debug|Any CPU.Build.0 = Debug|Any CPU
		{9C0EC23D-0F18-44A9-8E2C-0FA5CE288F49}.Release|Any CPU.ActiveCfg = Release|Any CPU
		{9C0EC23D-0F18-44A9-8E2C-0FA5CE288F49}.Release|Any CPU.Build.0 = Release|Any CPU
		{05D82F8D-A22B-4EE3-A346-7FC494F76760}.Debug|Any CPU.ActiveCfg = Debug|Any CPU
		{05D82F8D-A22B-4EE3-A346-7FC494F76760}.Debug|Any CPU.Build.0 = Debug|Any CPU
		{05D82F8D-A22B-4EE3-A346-7FC494F76760}.Release|Any CPU.ActiveCfg = Release|Any CPU
		{05D82F8D-A22B-4EE3-A346-7FC494F76760}.Release|Any CPU.Build.0 = Release|Any CPU
	EndGlobalSection
	GlobalSection(NestedProjects) = preSolution
		{5E81ECCB-1CA0-4C50-BF73-A343A0AF3302} = {61C946DF-6AD1-449D-AFF1-BFE45AF412B3}
		{D05081B6-3D15-4196-8146-566782CACCD4} = {61C946DF-6AD1-449D-AFF1-BFE45AF412B3}
		{24235D1C-FFE6-4A93-A056-FEA29917969C} = {61C946DF-6AD1-449D-AFF1-BFE45AF412B3}
		{9C0EC23D-0F18-44A9-8E2C-0FA5CE288F49} = {61C946DF-6AD1-449D-AFF1-BFE45AF412B3}
		{05D82F8D-A22B-4EE3-A346-7FC494F76760} = {A19CBD01-A954-41CF-B931-AE501C02B8F1}
	EndGlobalSection
EndGlobal
